# THIS IS AN AUTOGENERATED FILE. DO NOT EDIT THIS FILE DIRECTLY.
# yarn lockfile v1


ansi-regex@^2.0.0:
  version "2.1.1"
  resolved "http://registry.npm.taobao.org/ansi-regex/download/ansi-regex-2.1.1.tgz#c3b33ab5ee360d86e0e628f0468ae7ef27d654df"

ansi-regex@^3.0.0:
  version "3.0.0"
  resolved "http://registry.npm.taobao.org/ansi-regex/download/ansi-regex-3.0.0.tgz#ed0317c322064f79466c02966bddb605ab37d998"

aproba@^1.0.3:
  version "1.2.0"
  resolved "http://registry.npm.taobao.org/aproba/download/aproba-1.2.0.tgz#6802e6264efd18c790a1b0d517f0f2627bf2c94a"

are-we-there-yet@~1.1.2:
  version "1.1.5"
  resolved "http://registry.npm.taobao.org/are-we-there-yet/download/are-we-there-yet-1.1.5.tgz#4b35c2944f062a8bfcda66410760350fe9ddfc21"
  dependencies:
    delegates "^1.0.0"
    readable-stream "^2.0.6"

bl@^1.0.0:
  version "1.2.2"
  resolved "http://registry.npm.taobao.org/bl/download/bl-1.2.2.tgz#a160911717103c07410cef63ef51b397c025af9c"
  dependencies:
    readable-stream "^2.3.5"
    safe-buffer "^5.1.1"

bubble-stream-error@1.0.x:
  version "1.0.0"
  resolved "http://registry.npm.taobao.org/bubble-stream-error/download/bubble-stream-error-1.0.0.tgz#7dad97f17128da396169bf37ada4acb195361e30"
  dependencies:
    once "^1.3.3"
    sliced "^1.0.1"

buffer-alloc-unsafe@^1.1.0:
  version "1.1.0"
  resolved "http://registry.npm.taobao.org/buffer-alloc-unsafe/download/buffer-alloc-unsafe-1.1.0.tgz#bd7dc26ae2972d0eda253be061dba992349c19f0"

buffer-alloc@^1.2.0:
  version "1.2.0"
  resolved "http://registry.npm.taobao.org/buffer-alloc/download/buffer-alloc-1.2.0.tgz#890dd90d923a873e08e10e5fd51a57e5b7cce0ec"
  dependencies:
    buffer-alloc-unsafe "^1.1.0"
    buffer-fill "^1.0.0"

buffer-fill@^1.0.0:
  version "1.0.0"
  resolved "http://registry.npm.taobao.org/buffer-fill/download/buffer-fill-1.0.0.tgz#f8f78b76789888ef39f205cd637f68e702122b2c"

camelcase@^4.1.0:
  version "4.1.0"
  resolved "http://registry.npm.taobao.org/camelcase/download/camelcase-4.1.0.tgz#d545635be1e33c542649c69173e5de6acfae34dd"

chownr@^1.0.1:
  version "1.1.1"
  resolved "http://registry.npm.taobao.org/chownr/download/chownr-1.1.1.tgz#54726b8b8fff4df053c42187e801fb4412df1494"

cliui@^4.0.0:
  version "4.1.0"
  resolved "http://registry.npm.taobao.org/cliui/download/cliui-4.1.0.tgz#348422dbe82d800b3022eef4f6ac10bf2e4d1b49"
  dependencies:
    string-width "^2.1.1"
    strip-ansi "^4.0.0"
    wrap-ansi "^2.0.0"

code-point-at@^1.0.0:
  version "1.1.0"
  resolved "http://registry.npm.taobao.org/code-point-at/download/code-point-at-1.1.0.tgz#0d070b4d043a5bea33a2f1a40e2edb3d9a4ccf77"

color-convert@^1.9.1:
  version "1.9.3"
  resolved "http://registry.npm.taobao.org/color-convert/download/color-convert-1.9.3.tgz#bb71850690e1f136567de629d2d5471deda4c1e8"
  dependencies:
    color-name "1.1.3"

color-name@1.1.3:
  version "1.1.3"
  resolved "http://registry.npm.taobao.org/color-name/download/color-name-1.1.3.tgz#a7d0558bd89c42f795dd42328f740831ca53bc25"

color-name@^1.0.0:
  version "1.1.4"
  resolved "http://registry.npm.taobao.org/color-name/download/color-name-1.1.4.tgz#c2a09a87acbde69543de6f63fa3995c826c536a2"

color-string@^1.5.2:
  version "1.5.3"
  resolved "http://registry.npm.taobao.org/color-string/download/color-string-1.5.3.tgz#c9bbc5f01b58b5492f3d6857459cb6590ce204cc"
  dependencies:
    color-name "^1.0.0"
    simple-swizzle "^0.2.2"

color@^3.0.0:
  version "3.0.0"
  resolved "http://registry.npm.taobao.org/color/download/color-3.0.0.tgz#d920b4328d534a3ac8295d68f7bd4ba6c427be9a"
  dependencies:
    color-convert "^1.9.1"
    color-string "^1.5.2"

console-control-strings@^1.0.0, console-control-strings@~1.1.0:
  version "1.1.0"
  resolved "http://registry.npm.taobao.org/console-control-strings/download/console-control-strings-1.1.0.tgz#3d7cf4464db6446ea644bf4b39507f9851008e8e"

core-util-is@~1.0.0:
  version "1.0.2"
  resolved "http://registry.npm.taobao.org/core-util-is/download/core-util-is-1.0.2.tgz#b5fd54220aa2bc5ab57aab7140c940754503c1a7"

cross-spawn@^5.0.1:
  version "5.1.0"
  resolved "http://registry.npm.taobao.org/cross-spawn/download/cross-spawn-5.1.0.tgz#e8bd0efee58fcff6f8f94510a0a554bbfa235449"
  dependencies:
    lru-cache "^4.0.1"
    shebang-command "^1.2.0"
    which "^1.2.9"

debug@2.6.x:
  version "2.6.9"
  resolved "http://registry.npm.taobao.org/debug/download/debug-2.6.9.tgz#5d128515df134ff327e90a4c93f4e077a536341f"
  dependencies:
    ms "2.0.0"

decamelize@^1.1.1:
  version "1.2.0"
  resolved "http://registry.npm.taobao.org/decamelize/download/decamelize-1.2.0.tgz#f6534d15148269b20352e7bee26f501f9a191290"

decompress-response@^3.3.0:
  version "3.3.0"
  resolved "http://registry.npm.taobao.org/decompress-response/download/decompress-response-3.3.0.tgz#80a4dd323748384bfa248083622aedec982adff3"
  dependencies:
    mimic-response "^1.0.0"

deep-extend@^0.6.0:
  version "0.6.0"
  resolved "http://registry.npm.taobao.org/deep-extend/download/deep-extend-0.6.0.tgz#c4fa7c95404a17a9c3e8ca7e1537312b736330ac"

delegates@^1.0.0:
  version "1.0.0"
  resolved "http://registry.npm.taobao.org/delegates/download/delegates-1.0.0.tgz#84c6e159b81904fdca59a0ef44cd870d31250f9a"

detect-libc@^1.0.3:
  version "1.0.3"
  resolved "http://registry.npm.taobao.org/detect-libc/download/detect-libc-1.0.3.tgz#fa137c4bd698edf55cd5cd02ac559f91a4c4ba9b"

end-of-stream@^1.0.0, end-of-stream@^1.1.0:
  version "1.4.1"
  resolved "http://registry.npm.taobao.org/end-of-stream/download/end-of-stream-1.4.1.tgz#ed29634d19baba463b6ce6b80a37213eab71ec43"
  dependencies:
    once "^1.4.0"

execa@^0.7.0:
  version "0.7.0"
  resolved "http://registry.npm.taobao.org/execa/download/execa-0.7.0.tgz#944becd34cc41ee32a63a9faf27ad5a65fc59777"
  dependencies:
    cross-spawn "^5.0.1"
    get-stream "^3.0.0"
    is-stream "^1.1.0"
    npm-run-path "^2.0.0"
    p-finally "^1.0.0"
    signal-exit "^3.0.0"
    strip-eof "^1.0.0"

expand-template@^1.0.2:
  version "1.1.1"
  resolved "http://registry.npm.taobao.org/expand-template/download/expand-template-1.1.1.tgz#981f188c0c3a87d2e28f559bc541426ff94f21dd"

find-up@^2.1.0:
  version "2.1.0"
  resolved "http://registry.npm.taobao.org/find-up/download/find-up-2.1.0.tgz#45d1b7e506c717ddd482775a2b77920a3c0c57a7"
  dependencies:
    locate-path "^2.0.0"

fs-constants@^1.0.0:
  version "1.0.0"
  resolved "http://registry.npm.taobao.org/fs-constants/download/fs-constants-1.0.0.tgz#6be0de9be998ce16af8afc24497b9ee9b7ccd9ad"

fs-copy-file-sync@^1.1.1:
  version "1.1.1"
  resolved "http://registry.npm.taobao.org/fs-copy-file-sync/download/fs-copy-file-sync-1.1.1.tgz#11bf32c096c10d126e5f6b36d06eece776062918"

fs-minipass@^1.2.5:
  version "1.2.5"
  resolved "http://registry.npm.taobao.org/fs-minipass/download/fs-minipass-1.2.5.tgz#06c277218454ec288df77ada54a03b8702aacb9d"
  dependencies:
    minipass "^2.2.1"

gauge@~2.7.3:
  version "2.7.4"
  resolved "http://registry.npm.taobao.org/gauge/download/gauge-2.7.4.tgz#2c03405c7538c39d7eb37b317022e325fb018bf7"
  dependencies:
    aproba "^1.0.3"
    console-control-strings "^1.0.0"
    has-unicode "^2.0.0"
    object-assign "^4.1.0"
    signal-exit "^3.0.0"
    string-width "^1.0.1"
    strip-ansi "^3.0.1"
    wide-align "^1.1.0"

get-caller-file@^1.0.1:
  version "1.0.3"
  resolved "http://registry.npm.taobao.org/get-caller-file/download/get-caller-file-1.0.3.tgz#f978fa4c90d1dfe7ff2d6beda2a515e713bdcf4a"

get-stream@^3.0.0:
  version "3.0.0"
  resolved "http://registry.npm.taobao.org/get-stream/download/get-stream-3.0.0.tgz#8e943d1358dc37555054ecbe2edb05aa174ede14"

github-from-package@0.0.0:
  version "0.0.0"
  resolved "http://registry.npm.taobao.org/github-from-package/download/github-from-package-0.0.0.tgz#97fb5d96bfde8973313f20e8288ef9a167fa64ce"

has-unicode@^2.0.0:
  version "2.0.1"
  resolved "http://registry.npm.taobao.org/has-unicode/download/has-unicode-2.0.1.tgz#e0e6fe6a28cf51138855e086d1691e771de2a8b9"

inherits@~2.0.3:
  version "2.0.3"
  resolved "http://registry.npm.taobao.org/inherits/download/inherits-2.0.3.tgz#633c2c83e3da42a502f52466022480f4208261de"

ini@~1.3.0:
  version "1.3.5"
  resolved "http://registry.npm.taobao.org/ini/download/ini-1.3.5.tgz#eee25f56db1c9ec6085e0c22778083f596abf927"

invert-kv@^1.0.0:
  version "1.0.0"
  resolved "http://registry.npm.taobao.org/invert-kv/download/invert-kv-1.0.0.tgz#104a8e4aaca6d3d8cd157a8ef8bfab2d7a3ffdb6"

is-arrayish@^0.3.1:
  version "0.3.2"
  resolved "http://registry.npm.taobao.org/is-arrayish/download/is-arrayish-0.3.2.tgz#4574a2ae56f7ab206896fb431eaeed066fdf8f03"

is-fullwidth-code-point@^1.0.0:
  version "1.0.0"
  resolved "http://registry.npm.taobao.org/is-fullwidth-code-point/download/is-fullwidth-code-point-1.0.0.tgz#ef9e31386f031a7f0d643af82fde50c457ef00cb"
  dependencies:
    number-is-nan "^1.0.0"

is-fullwidth-code-point@^2.0.0:
  version "2.0.0"
  resolved "http://registry.npm.taobao.org/is-fullwidth-code-point/download/is-fullwidth-code-point-2.0.0.tgz#a3b30a5c4f199183167aaab93beefae3ddfb654f"

is-stream@^1.1.0:
  version "1.1.0"
  resolved "http://registry.npm.taobao.org/is-stream/download/is-stream-1.1.0.tgz#12d4a3dd4e68e0b79ceb8dbc84173ae80d91ca44"

isarray@~1.0.0:
  version "1.0.0"
  resolved "http://registry.npm.taobao.org/isarray/download/isarray-1.0.0.tgz#bb935d48582cba168c06834957a54a3e07124f11"

isexe@^2.0.0:
  version "2.0.0"
  resolved "http://registry.npm.taobao.org/isexe/download/isexe-2.0.0.tgz#e8fbf374dc556ff8947a10dcb0572d633f2cfa10"

lcid@^1.0.0:
  version "1.0.0"
  resolved "http://registry.npm.taobao.org/lcid/download/lcid-1.0.0.tgz#308accafa0bc483a3867b4b6f2b9506251d1b835"
  dependencies:
    invert-kv "^1.0.0"

locate-path@^2.0.0:
  version "2.0.0"
  resolved "http://registry.npm.taobao.org/locate-path/download/locate-path-2.0.0.tgz#2b568b265eec944c6d9c0de9c3dbbbca0354cd8e"
  dependencies:
    p-locate "^2.0.0"
    path-exists "^3.0.0"

lru-cache@^4.0.1:
  version "4.1.3"
  resolved "http://registry.npm.taobao.org/lru-cache/download/lru-cache-4.1.3.tgz#a1175cf3496dfc8436c156c334b4955992bce69c"
  dependencies:
    pseudomap "^1.0.2"
    yallist "^2.1.2"

mem@^1.1.0:
  version "1.1.0"
  resolved "http://registry.npm.taobao.org/mem/download/mem-1.1.0.tgz#5edd52b485ca1d900fe64895505399a0dfa45f76"
  dependencies:
    mimic-fn "^1.0.0"

mimic-fn@^1.0.0:
  version "1.2.0"
  resolved "http://registry.npm.taobao.org/mimic-fn/download/mimic-fn-1.2.0.tgz#820c86a39334640e99516928bd03fca88057d022"

mimic-response@^1.0.0:
  version "1.0.1"
  resolved "http://registry.npm.taobao.org/mimic-response/download/mimic-response-1.0.1.tgz#4923538878eef42063cb8a3e3b0798781487ab1b"

minimist@0.0.8:
  version "0.0.8"
  resolved "http://registry.npm.taobao.org/minimist/download/minimist-0.0.8.tgz#857fcabfc3397d2625b8228262e86aa7a011b05d"

minimist@^1.2.0:
  version "1.2.0"
  resolved "http://registry.npm.taobao.org/minimist/download/minimist-1.2.0.tgz#a35008b20f41383eec1fb914f4cd5df79a264284"

minipass@^2.2.1, minipass@^2.3.3:
  version "2.3.4"
  resolved "http://registry.npm.taobao.org/minipass/download/minipass-2.3.4.tgz#4768d7605ed6194d6d576169b9e12ef71e9d9957"
  dependencies:
    safe-buffer "^5.1.2"
    yallist "^3.0.0"

minizlib@^1.1.0:
  version "1.1.0"
  resolved "http://registry.npm.taobao.org/minizlib/download/minizlib-1.1.0.tgz#11e13658ce46bc3a70a267aac58359d1e0c29ceb"
  dependencies:
    minipass "^2.2.1"

mkdirp@^0.5.0, mkdirp@^0.5.1:
  version "0.5.1"
  resolved "http://registry.npm.taobao.org/mkdirp/download/mkdirp-0.5.1.tgz#30057438eac6cf7f8c4767f38648d6697d75c903"
  dependencies:
    minimist "0.0.8"

ms@2.0.0:
  version "2.0.0"
  resolved "http://registry.npm.taobao.org/ms/download/ms-2.0.0.tgz#5608aeadfc00be6c2901df5f9861788de0d597c8"

multiyargs@1.0.x:
  version "1.0.0"
  resolved "http://registry.npm.taobao.org/multiyargs/download/multiyargs-1.0.0.tgz#006e2e409eb6c155220d1eb5323dd09bfd34b828"
  dependencies:
    debug "2.6.x"
    promise-do-whilst "1.0.x"

nan@^2.10.0:
  version "2.11.0"
  resolved "http://registry.npm.taobao.org/nan/download/nan-2.11.0.tgz#574e360e4d954ab16966ec102c0c049fd961a099"

node-abi@^2.2.0:
  version "2.4.4"
  resolved "http://registry.npm.taobao.org/node-abi/download/node-abi-2.4.4.tgz#410d8968809fe616dc078a181c44a370912f12fd"
  dependencies:
    semver "^5.4.1"

noop-logger@^0.1.1:
  version "0.1.1"
  resolved "http://registry.npm.taobao.org/noop-logger/download/noop-logger-0.1.1.tgz#94a2b1633c4f1317553007d8966fd0e841b6a4c2"

npm-run-path@^2.0.0:
  version "2.0.2"
  resolved "http://registry.npm.taobao.org/npm-run-path/download/npm-run-path-2.0.2.tgz#35a9232dfa35d7067b4cb2ddf2357b1871536c5f"
  dependencies:
    path-key "^2.0.0"

npmlog@^4.0.1, npmlog@^4.1.2:
  version "4.1.2"
  resolved "http://registry.npm.taobao.org/npmlog/download/npmlog-4.1.2.tgz#08a7f2a8bf734604779a9efa4ad5cc717abb954b"
  dependencies:
    are-we-there-yet "~1.1.2"
    console-control-strings "~1.1.0"
    gauge "~2.7.3"
    set-blocking "~2.0.0"

number-is-nan@^1.0.0:
  version "1.0.1"
  resolved "http://registry.npm.taobao.org/number-is-nan/download/number-is-nan-1.0.1.tgz#097b602b53422a522c1afb8790318336941a011d"

object-assign@^4.1.0:
  version "4.1.1"
  resolved "http://registry.npm.taobao.org/object-assign/download/object-assign-4.1.1.tgz#2109adc7965887cfc05cbbd442cac8bfbb360863"

once@^1.3.1, once@^1.3.3, once@^1.4.0:
  version "1.4.0"
  resolved "http://registry.npm.taobao.org/once/download/once-1.4.0.tgz#583b1aa775961d4b113ac17d9c50baef9dd76bd1"
  dependencies:
    wrappy "1"

os-homedir@^1.0.1:
  version "1.0.2"
  resolved "http://registry.npm.taobao.org/os-homedir/download/os-homedir-1.0.2.tgz#ffbc4988336e0e833de0c168c7ef152121aa7fb3"

os-locale@^2.0.0:
  version "2.1.0"
  resolved "http://registry.npm.taobao.org/os-locale/download/os-locale-2.1.0.tgz#42bc2900a6b5b8bd17376c8e882b65afccf24bf2"
  dependencies:
    execa "^0.7.0"
    lcid "^1.0.0"
    mem "^1.1.0"

p-finally@^1.0.0:
  version "1.0.0"
  resolved "http://registry.npm.taobao.org/p-finally/download/p-finally-1.0.0.tgz#3fbcfb15b899a44123b34b6dcc18b724336a2cae"

p-limit@^1.1.0:
  version "1.3.0"
  resolved "http://registry.npm.taobao.org/p-limit/download/p-limit-1.3.0.tgz#b86bd5f0c25690911c7590fcbfc2010d54b3ccb8"
  dependencies:
    p-try "^1.0.0"

p-locate@^2.0.0:
  version "2.0.0"
  resolved "http://registry.npm.taobao.org/p-locate/download/p-locate-2.0.0.tgz#20a0103b222a70c8fd39cc2e580680f3dde5ec43"
  dependencies:
    p-limit "^1.1.0"

p-try@^1.0.0:
  version "1.0.0"
  resolved "http://registry.npm.taobao.org/p-try/download/p-try-1.0.0.tgz#cbc79cdbaf8fd4228e13f621f2b1a237c1b207b3"

path-exists@^3.0.0:
  version "3.0.0"
  resolved "http://registry.npm.taobao.org/path-exists/download/path-exists-3.0.0.tgz#ce0ebeaa5f78cb18925ea7d810d7b59b010fd515"

path-key@^2.0.0:
  version "2.0.1"
  resolved "http://registry.npm.taobao.org/path-key/download/path-key-2.0.1.tgz#411cadb574c5a140d3a4b1910d40d80cc9f40b40"

prebuild-install@^4.0.0:
  version "4.0.0"
  resolved "http://registry.npm.taobao.org/prebuild-install/download/prebuild-install-4.0.0.tgz#206ce8106ce5efa4b6cf062fc8a0a7d93c17f3a8"
  dependencies:
    detect-libc "^1.0.3"
    expand-template "^1.0.2"
    github-from-package "0.0.0"
    minimist "^1.2.0"
    mkdirp "^0.5.1"
    node-abi "^2.2.0"
    noop-logger "^0.1.1"
    npmlog "^4.0.1"
    os-homedir "^1.0.1"
    pump "^2.0.1"
    rc "^1.1.6"
    simple-get "^2.7.0"
    tar-fs "^1.13.0"
    tunnel-agent "^0.6.0"
    which-pm-runs "^1.0.0"

process-nextick-args@~2.0.0:
  version "2.0.0"
  resolved "http://registry.npm.taobao.org/process-nextick-args/download/process-nextick-args-2.0.0.tgz#a37d732f4271b4ab1ad070d35508e8290788ffaa"

promise-do-whilst@1.0.x:
  version "1.0.1"
  resolved "http://registry.npm.taobao.org/promise-do-whilst/download/promise-do-whilst-1.0.1.tgz#6ddad44009f36da9549dbdccfad99a868dff9ecf"

pseudomap@^1.0.2:
  version "1.0.2"
  resolved "http://registry.npm.taobao.org/pseudomap/download/pseudomap-1.0.2.tgz#f052a28da70e618917ef0a8ac34c1ae5a68286b3"

pump@^1.0.0:
  version "1.0.3"
  resolved "http://registry.npm.taobao.org/pump/download/pump-1.0.3.tgz#5dfe8311c33bbf6fc18261f9f34702c47c08a954"
  dependencies:
    end-of-stream "^1.1.0"
    once "^1.3.1"

pump@^2.0.1:
  version "2.0.1"
  resolved "http://registry.npm.taobao.org/pump/download/pump-2.0.1.tgz#12399add6e4cf7526d973cbc8b5ce2e2908b3909"
  dependencies:
    end-of-stream "^1.1.0"
    once "^1.3.1"

rc@^1.1.6:
  version "1.2.8"
  resolved "http://registry.npm.taobao.org/rc/download/rc-1.2.8.tgz#cd924bf5200a075b83c188cd6b9e211b7fc0d3ed"
  dependencies:
    deep-extend "^0.6.0"
    ini "~1.3.0"
    minimist "^1.2.0"
    strip-json-comments "~2.0.1"

readable-stream@^2.0.6, readable-stream@^2.3.0, readable-stream@^2.3.5:
  version "2.3.6"
  resolved "http://registry.npm.taobao.org/readable-stream/download/readable-stream-2.3.6.tgz#b11c27d88b8ff1fbe070643cf94b0c79ae1b0aaf"
  dependencies:
    core-util-is "~1.0.0"
    inherits "~2.0.3"
    isarray "~1.0.0"
    process-nextick-args "~2.0.0"
    safe-buffer "~5.1.1"
    string_decoder "~1.1.1"
    util-deprecate "~1.0.1"

require-directory@^2.1.1:
  version "2.1.1"
  resolved "http://registry.npm.taobao.org/require-directory/download/require-directory-2.1.1.tgz#8c64ad5fd30dab1c976e2344ffe7f792a6a6df42"

require-main-filename@^1.0.1:
  version "1.0.1"
  resolved "http://registry.npm.taobao.org/require-main-filename/download/require-main-filename-1.0.1.tgz#97f717b69d48784f5f526a6c5aa8ffdda055a4d1"

safe-buffer@^5.0.1, safe-buffer@^5.1.1, safe-buffer@^5.1.2, safe-buffer@~5.1.0, safe-buffer@~5.1.1:
  version "5.1.2"
  resolved "http://registry.npm.taobao.org/safe-buffer/download/safe-buffer-5.1.2.tgz#991ec69d296e0313747d59bdfd2b745c35f8828d"

semver@^5.4.1, semver@^5.5.0:
  version "5.5.1"
  resolved "http://registry.npm.taobao.org/semver/download/semver-5.5.1.tgz#7dfdd8814bdb7cabc7be0fb1d734cfb66c940477"

set-blocking@^2.0.0, set-blocking@~2.0.0:
  version "2.0.0"
  resolved "http://registry.npm.taobao.org/set-blocking/download/set-blocking-2.0.0.tgz#045f9782d011ae9a6803ddd382b24392b3d890f7"

sharp-cli@^1.7.1:
  version "1.7.1"
  resolved "http://registry.npm.taobao.org/sharp-cli/download/sharp-cli-1.7.1.tgz#d34cb16d8fe0a8f629f4975e16338b5dfaf81c64"
  dependencies:
    bubble-stream-error "1.0.x"
    multiyargs "1.0.x"
    sharp "0.20.5"
    url-template "2.0.x"
    yargs "11.0.x"

sharp@0.20.5:
  version "0.20.5"
  resolved "http://registry.npm.taobao.org/sharp/download/sharp-0.20.5.tgz#fc19d9639b1c792fa68a21624c75069923e79edd"
  dependencies:
    color "^3.0.0"
    detect-libc "^1.0.3"
    fs-copy-file-sync "^1.1.1"
    nan "^2.10.0"
    npmlog "^4.1.2"
    prebuild-install "^4.0.0"
    semver "^5.5.0"
    simple-get "^2.8.1"
    tar "^4.4.4"
    tunnel-agent "^0.6.0"

shebang-command@^1.2.0:
  version "1.2.0"
  resolved "http://registry.npm.taobao.org/shebang-command/download/shebang-command-1.2.0.tgz#44aac65b695b03398968c39f363fee5deafdf1ea"
  dependencies:
    shebang-regex "^1.0.0"

shebang-regex@^1.0.0:
  version "1.0.0"
  resolved "http://registry.npm.taobao.org/shebang-regex/download/shebang-regex-1.0.0.tgz#da42f49740c0b42db2ca9728571cb190c98efea3"

signal-exit@^3.0.0:
  version "3.0.2"
  resolved "http://registry.npm.taobao.org/signal-exit/download/signal-exit-3.0.2.tgz#b5fdc08f1287ea1178628e415e25132b73646c6d"

simple-concat@^1.0.0:
  version "1.0.0"
  resolved "http://registry.npm.taobao.org/simple-concat/download/simple-concat-1.0.0.tgz#7344cbb8b6e26fb27d66b2fc86f9f6d5997521c6"

simple-get@^2.7.0, simple-get@^2.8.1:
  version "2.8.1"
  resolved "http://registry.npm.taobao.org/simple-get/download/simple-get-2.8.1.tgz#0e22e91d4575d87620620bc91308d57a77f44b5d"
  dependencies:
    decompress-response "^3.3.0"
    once "^1.3.1"
    simple-concat "^1.0.0"

simple-swizzle@^0.2.2:
  version "0.2.2"
  resolved "http://registry.npm.taobao.org/simple-swizzle/download/simple-swizzle-0.2.2.tgz#a4da6b635ffcccca33f70d17cb92592de95e557a"
  dependencies:
    is-arrayish "^0.3.1"

sliced@^1.0.1:
  version "1.0.1"
  resolved "http://registry.npm.taobao.org/sliced/download/sliced-1.0.1.tgz#0b3a662b5d04c3177b1926bea82b03f837a2ef41"

string-width@^1.0.1:
  version "1.0.2"
  resolved "http://registry.npm.taobao.org/string-width/download/string-width-1.0.2.tgz#118bdf5b8cdc51a2a7e70d211e07e2b0b9b107d3"
  dependencies:
    code-point-at "^1.0.0"
    is-fullwidth-code-point "^1.0.0"
    strip-ansi "^3.0.0"

"string-width@^1.0.2 || 2", string-width@^2.0.0, string-width@^2.1.1:
  version "2.1.1"
  resolved "http://registry.npm.taobao.org/string-width/download/string-width-2.1.1.tgz#ab93f27a8dc13d28cac815c462143a6d9012ae9e"
  dependencies:
    is-fullwidth-code-point "^2.0.0"
    strip-ansi "^4.0.0"

string_decoder@~1.1.1:
  version "1.1.1"
  resolved "http://registry.npm.taobao.org/string_decoder/download/string_decoder-1.1.1.tgz#9cf1611ba62685d7030ae9e4ba34149c3af03fc8"
  dependencies:
    safe-buffer "~5.1.0"

strip-ansi@^3.0.0, strip-ansi@^3.0.1:
  version "3.0.1"
  resolved "http://registry.npm.taobao.org/strip-ansi/download/strip-ansi-3.0.1.tgz#6a385fb8853d952d5ff05d0e8aaf94278dc63dcf"
  dependencies:
    ansi-regex "^2.0.0"

strip-ansi@^4.0.0:
  version "4.0.0"
  resolved "http://registry.npm.taobao.org/strip-ansi/download/strip-ansi-4.0.0.tgz#a8479022eb1ac368a871389b635262c505ee368f"
  dependencies:
    ansi-regex "^3.0.0"

strip-eof@^1.0.0:
  version "1.0.0"
  resolved "http://registry.npm.taobao.org/strip-eof/download/strip-eof-1.0.0.tgz#bb43ff5598a6eb05d89b59fcd129c983313606bf"

strip-json-comments@~2.0.1:
  version "2.0.1"
  resolved "http://registry.npm.taobao.org/strip-json-comments/download/strip-json-comments-2.0.1.tgz#3c531942e908c2697c0ec344858c286c7ca0a60a"

tar-fs@^1.13.0:
  version "1.16.3"
  resolved "http://registry.npm.taobao.org/tar-fs/download/tar-fs-1.16.3.tgz#966a628841da2c4010406a82167cbd5e0c72d509"
  dependencies:
    chownr "^1.0.1"
    mkdirp "^0.5.1"
    pump "^1.0.0"
    tar-stream "^1.1.2"

tar-stream@^1.1.2:
  version "1.6.2"
  resolved "http://registry.npm.taobao.org/tar-stream/download/tar-stream-1.6.2.tgz#8ea55dab37972253d9a9af90fdcd559ae435c555"
  dependencies:
    bl "^1.0.0"
    buffer-alloc "^1.2.0"
    end-of-stream "^1.0.0"
    fs-constants "^1.0.0"
    readable-stream "^2.3.0"
    to-buffer "^1.1.1"
    xtend "^4.0.0"

tar@^4.4.4:
  version "4.4.6"
  resolved "http://registry.npm.taobao.org/tar/download/tar-4.4.6.tgz#63110f09c00b4e60ac8bcfe1bf3c8660235fbc9b"
  dependencies:
    chownr "^1.0.1"
    fs-minipass "^1.2.5"
    minipass "^2.3.3"
    minizlib "^1.1.0"
    mkdirp "^0.5.0"
    safe-buffer "^5.1.2"
    yallist "^3.0.2"

to-buffer@^1.1.1:
  version "1.1.1"
  resolved "http://registry.npm.taobao.org/to-buffer/download/to-buffer-1.1.1.tgz#493bd48f62d7c43fcded313a03dcadb2e1213a80"

tunnel-agent@^0.6.0:
  version "0.6.0"
  resolved "http://registry.npm.taobao.org/tunnel-agent/download/tunnel-agent-0.6.0.tgz#27a5dea06b36b04a0a9966774b290868f0fc40fd"
  dependencies:
    safe-buffer "^5.0.1"

url-template@2.0.x:
  version "2.0.8"
  resolved "http://registry.npm.taobao.org/url-template/download/url-template-2.0.8.tgz#fc565a3cccbff7730c775f5641f9555791439f21"

util-deprecate@~1.0.1:
  version "1.0.2"
  resolved "http://registry.npm.taobao.org/util-deprecate/download/util-deprecate-1.0.2.tgz#450d4dc9fa70de732762fbd2d4a28981419a0ccf"

which-module@^2.0.0:
  version "2.0.0"
  resolved "http://registry.npm.taobao.org/which-module/download/which-module-2.0.0.tgz#d9ef07dce77b9902b8a3a8fa4b31c3e3f7e6e87a"

which-pm-runs@^1.0.0:
  version "1.0.0"
  resolved "http://registry.npm.taobao.org/which-pm-runs/download/which-pm-runs-1.0.0.tgz#670b3afbc552e0b55df6b7780ca74615f23ad1cb"

which@^1.2.9:
  version "1.3.1"
  resolved "http://registry.npm.taobao.org/which/download/which-1.3.1.tgz#a45043d54f5805316da8d62f9f50918d3da70b0a"
  dependencies:
    isexe "^2.0.0"

wide-align@^1.1.0:
  version "1.1.3"
  resolved "http://registry.npm.taobao.org/wide-align/download/wide-align-1.1.3.tgz#ae074e6bdc0c14a431e804e624549c633b000457"
  dependencies:
    string-width "^1.0.2 || 2"

wrap-ansi@^2.0.0:
  version "2.1.0"
  resolved "http://registry.npm.taobao.org/wrap-ansi/download/wrap-ansi-2.1.0.tgz#d8fc3d284dd05794fe84973caecdd1cf824fdd85"
  dependencies:
    string-width "^1.0.1"
    strip-ansi "^3.0.1"

wrappy@1:
  version "1.0.2"
  resolved "http://registry.npm.taobao.org/wrappy/download/wrappy-1.0.2.tgz#b5243d8f3ec1aa35f1364605bc0d1036e30ab69f"

xtend@^4.0.0:
  version "4.0.1"
  resolved "http://registry.npm.taobao.org/xtend/download/xtend-4.0.1.tgz#a5c6d532be656e23db820efb943a1f04998d63af"

y18n@^3.2.1:
  version "3.2.1"
  resolved "http://registry.npm.taobao.org/y18n/download/y18n-3.2.1.tgz#6d15fba884c08679c0d77e88e7759e811e07fa41"

yallist@^2.1.2:
  version "2.1.2"
  resolved "http://registry.npm.taobao.org/yallist/download/yallist-2.1.2.tgz#1c11f9218f076089a47dd512f93c6699a6a81d52"

yallist@^3.0.0, yallist@^3.0.2:
  version "3.0.2"
  resolved "http://registry.npm.taobao.org/yallist/download/yallist-3.0.2.tgz#8452b4bb7e83c7c188d8041c1a837c773d6d8bb9"

yargs-parser@^9.0.2:
  version "9.0.2"
  resolved "http://registry.npm.taobao.org/yargs-parser/download/yargs-parser-9.0.2.tgz#9ccf6a43460fe4ed40a9bb68f48d43b8a68cc077"
  dependencies:
    camelcase "^4.1.0"

yargs@11.0.x:
  version "11.0.0"
  resolved "http://registry.npm.taobao.org/yargs/download/yargs-11.0.0.tgz#c052931006c5eee74610e5fc0354bedfd08a201b"
  dependencies:
    cliui "^4.0.0"
    decamelize "^1.1.1"
    find-up "^2.1.0"
    get-caller-file "^1.0.1"
    os-locale "^2.0.0"
    require-directory "^2.1.1"
    require-main-filename "^1.0.1"
    set-blocking "^2.0.0"
    string-width "^2.0.0"
    which-module "^2.0.0"
    y18n "^3.2.1"
    yargs-parser "^9.0.2"
